
Microsoft Visual Studio Solution File, Format Version 12.00
# Visual Studio Version 17
VisualStudioVersion = 17.12.35514.174
MinimumVisualStudioVersion = 10.0.40219.1
Project("{FAE04EC0-301F-11D3-BF4B-00C04F79EFBC}") = "RNameMAUI", "RNameMAUI\RNameMAUI.csproj", "{BB8AE620-AA60-478E-A14E-A8006308B898}"
EndProject
Global
	GlobalSection(SolutionConfigurationPlatforms) = preSolution
		Debug|ARM64 = Debug|ARM64
		Debug|x64 = Debug|x64
		Debug|x86 = Debug|x86
		Release|ARM64 = Release|ARM64
		Release|x64 = Release|x64
		Release|x86 = Release|x86
	EndGlobalSection
	GlobalSection(ProjectConfigurationPlatforms) = postSolution
		{BB8AE620-AA60-478E-A14E-A8006308B898}.Debug|ARM64.ActiveCfg = Debug|Any CPU
		{BB8AE620-AA60-478E-A14E-A8006308B898}.Debug|ARM64.Build.0 = Debug|Any CPU
		{BB8AE620-AA60-478E-A14E-A8006308B898}.Debug|x64.ActiveCfg = Debug|Any CPU
		{BB8AE620-AA60-478E-A14E-A8006308B898}.Debug|x64.Build.0 = Debug|Any CPU
		{BB8AE620-AA60-478E-A14E-A8006308B898}.Debug|x86.ActiveCfg = Debug|Any CPU
		{BB8AE620-AA60-478E-A14E-A8006308B898}.Debug|x86.Build.0 = Debug|Any CPU
		{BB8AE620-AA60-478E-A14E-A8006308B898}.Release|ARM64.ActiveCfg = Release|Any CPU
		{BB8AE620-AA60-478E-A14E-A8006308B898}.Release|ARM64.Build.0 = Release|Any CPU
		{BB8AE620-AA60-478E-A14E-A8006308B898}.Release|x64.ActiveCfg = Release|Any CPU
		{BB8AE620-AA60-478E-A14E-A8006308B898}.Release|x64.Build.0 = Release|Any CPU
		{BB8AE620-AA60-478E-A14E-A8006308B898}.Release|x86.ActiveCfg = Release|Any CPU
		{BB8AE620-AA60-478E-A14E-A8006308B898}.Release|x86.Build.0 = Release|Any CPU
	EndGlobalSection
	GlobalSection(SolutionProperties) = preSolution
		HideSolutionNode = FALSE
	EndGlobalSection
EndGlobal
