
Microsoft Visual Studio Solution File, Format Version 12.00
# Visual Studio Version 17
VisualStudioVersion = 17.12.35514.174
MinimumVisualStudioVersion = 10.0.40219.1
Project("{FAE04EC0-301F-11D3-BF4B-00C04F79EFBC}") = "RName_CLI", "RName_CLI\RName_CLI.csproj", "{4DBAE95C-F8A8-4162-B06E-ACE9AF6557F6}"
EndProject
Project("{FAE04EC0-301F-11D3-BF4B-00C04F79EFBC}") = "RName_Rebuild_Base", "RName_Rebuild_Base\RName_Rebuild_Base.csproj", "{40E3C646-61AC-4DCC-84D2-50875E3AA410}"
EndProject
Project("{FAE04EC0-301F-11D3-BF4B-00C04F79EFBC}") = "RName_MAUI", "RName_MAUI\RName_MAUI.csproj", "{B6651FE3-E4E5-4CE2-8E2F-7DB45B0CBB23}"
EndProject
Global
	GlobalSection(SolutionConfigurationPlatforms) = preSolution
		Debug|ARM64 = Debug|ARM64
		Debug|x64 = Debug|x64
		Debug|x86 = Debug|x86
		Release|ARM64 = Release|ARM64
		Release|x64 = Release|x64
		Release|x86 = Release|x86
	EndGlobalSection
	GlobalSection(ProjectConfigurationPlatforms) = postSolution
		{4DBAE95C-F8A8-4162-B06E-ACE9AF6557F6}.Debug|ARM64.ActiveCfg = Debug|Any CPU
		{4DBAE95C-F8A8-4162-B06E-ACE9AF6557F6}.Debug|ARM64.Build.0 = Debug|Any CPU
		{4DBAE95C-F8A8-4162-B06E-ACE9AF6557F6}.Debug|x64.ActiveCfg = Debug|Any CPU
		{4DBAE95C-F8A8-4162-B06E-ACE9AF6557F6}.Debug|x64.Build.0 = Debug|Any CPU
		{4DBAE95C-F8A8-4162-B06E-ACE9AF6557F6}.Debug|x86.ActiveCfg = Debug|Any CPU
		{4DBAE95C-F8A8-4162-B06E-ACE9AF6557F6}.Debug|x86.Build.0 = Debug|Any CPU
		{4DBAE95C-F8A8-4162-B06E-ACE9AF6557F6}.Release|ARM64.ActiveCfg = Release|Any CPU
		{4DBAE95C-F8A8-4162-B06E-ACE9AF6557F6}.Release|ARM64.Build.0 = Release|Any CPU
		{4DBAE95C-F8A8-4162-B06E-ACE9AF6557F6}.Release|x64.ActiveCfg = Release|Any CPU
		{4DBAE95C-F8A8-4162-B06E-ACE9AF6557F6}.Release|x64.Build.0 = Release|Any CPU
		{4DBAE95C-F8A8-4162-B06E-ACE9AF6557F6}.Release|x86.ActiveCfg = Release|Any CPU
		{4DBAE95C-F8A8-4162-B06E-ACE9AF6557F6}.Release|x86.Build.0 = Release|Any CPU
		{40E3C646-61AC-4DCC-84D2-50875E3AA410}.Debug|ARM64.ActiveCfg = Debug|Any CPU
		{40E3C646-61AC-4DCC-84D2-50875E3AA410}.Debug|ARM64.Build.0 = Debug|Any CPU
		{40E3C646-61AC-4DCC-84D2-50875E3AA410}.Debug|x64.ActiveCfg = Debug|Any CPU
		{40E3C646-61AC-4DCC-84D2-50875E3AA410}.Debug|x64.Build.0 = Debug|Any CPU
		{40E3C646-61AC-4DCC-84D2-50875E3AA410}.Debug|x86.ActiveCfg = Debug|Any CPU
		{40E3C646-61AC-4DCC-84D2-50875E3AA410}.Debug|x86.Build.0 = Debug|Any CPU
		{40E3C646-61AC-4DCC-84D2-50875E3AA410}.Release|ARM64.ActiveCfg = Release|Any CPU
		{40E3C646-61AC-4DCC-84D2-50875E3AA410}.Release|ARM64.Build.0 = Release|Any CPU
		{40E3C646-61AC-4DCC-84D2-50875E3AA410}.Release|x64.ActiveCfg = Release|Any CPU
		{40E3C646-61AC-4DCC-84D2-50875E3AA410}.Release|x64.Build.0 = Release|Any CPU
		{40E3C646-61AC-4DCC-84D2-50875E3AA410}.Release|x86.ActiveCfg = Release|Any CPU
		{40E3C646-61AC-4DCC-84D2-50875E3AA410}.Release|x86.Build.0 = Release|Any CPU
		{B6651FE3-E4E5-4CE2-8E2F-7DB45B0CBB23}.Debug|ARM64.ActiveCfg = Debug|Any CPU
		{B6651FE3-E4E5-4CE2-8E2F-7DB45B0CBB23}.Debug|ARM64.Build.0 = Debug|Any CPU
		{B6651FE3-E4E5-4CE2-8E2F-7DB45B0CBB23}.Debug|x64.ActiveCfg = Debug|Any CPU
		{B6651FE3-E4E5-4CE2-8E2F-7DB45B0CBB23}.Debug|x64.Build.0 = Debug|Any CPU
		{B6651FE3-E4E5-4CE2-8E2F-7DB45B0CBB23}.Debug|x86.ActiveCfg = Debug|Any CPU
		{B6651FE3-E4E5-4CE2-8E2F-7DB45B0CBB23}.Debug|x86.Build.0 = Debug|Any CPU
		{B6651FE3-E4E5-4CE2-8E2F-7DB45B0CBB23}.Release|ARM64.ActiveCfg = Release|Any CPU
		{B6651FE3-E4E5-4CE2-8E2F-7DB45B0CBB23}.Release|ARM64.Build.0 = Release|Any CPU
		{B6651FE3-E4E5-4CE2-8E2F-7DB45B0CBB23}.Release|x64.ActiveCfg = Release|Any CPU
		{B6651FE3-E4E5-4CE2-8E2F-7DB45B0CBB23}.Release|x64.Build.0 = Release|Any CPU
		{B6651FE3-E4E5-4CE2-8E2F-7DB45B0CBB23}.Release|x86.ActiveCfg = Release|Any CPU
		{B6651FE3-E4E5-4CE2-8E2F-7DB45B0CBB23}.Release|x86.Build.0 = Release|Any CPU
	EndGlobalSection
	GlobalSection(SolutionProperties) = preSolution
		HideSolutionNode = FALSE
	EndGlobalSection
EndGlobal
